
Microsoft Visual Studio Solution File, Format Version 12.00
# Visual Studio 14
VisualStudioVersion = 14.0.25420.1
MinimumVisualStudioVersion = 10.0.40219.1
Project("{F184B08F-C81C-45F6-A57F-5ABD9991F28F}") = "Bwl.Tools.RunMonitorPlatform", "Bwl.Tools.RunMonitorPlatform\Bwl.Tools.RunMonitorPlatform.vbproj", "{0E68D73A-77DE-4F0F-B49C-731D7040DB1B}"
EndProject
Project("{F184B08F-C81C-45F6-A57F-5ABD9991F28F}") = "Bwl.Tools.RunMonitorPlatform.HostControl", "Bwl.Tools.RunMonitorPlatform.HostControl\Bwl.Tools.RunMonitorPlatform.HostControl.vbproj", "{E00A8AFC-8167-4A9B-83F7-227F37F7737F}"
EndProject
Project("{F184B08F-C81C-45F6-A57F-5ABD9991F28F}") = "Bwl.Tools.RunMonitorPlatform.HostClient", "Bwl.Tools.RunMonitorPlatform.HostClient\Bwl.Tools.RunMonitorPlatform.HostClient.vbproj", "{3A67EB7B-84F4-4B76-821A-72A498169D43}"
EndProject
Project("{F184B08F-C81C-45F6-A57F-5ABD9991F28F}") = "Bwl.Tools.RunMonitorPlatform.TestConsoleApp", "Bwl.Tools.RunMonitorPlatform.TestConsoleApp\Bwl.Tools.RunMonitorPlatform.TestConsoleApp.vbproj", "{E7AE0CAA-3C15-48C1-A3E1-2CCFB8EACAF4}"
EndProject
Global
	GlobalSection(SolutionConfigurationPlatforms) = preSolution
		Debug|Any CPU = Debug|Any CPU
		Debug|Mixed Platforms = Debug|Mixed Platforms
		Debug|x86 = Debug|x86
		Release|Any CPU = Release|Any CPU
		Release|Mixed Platforms = Release|Mixed Platforms
		Release|x86 = Release|x86
	EndGlobalSection
	GlobalSection(ProjectConfigurationPlatforms) = postSolution
		{0E68D73A-77DE-4F0F-B49C-731D7040DB1B}.Debug|Any CPU.ActiveCfg = Debug|Any CPU
		{0E68D73A-77DE-4F0F-B49C-731D7040DB1B}.Debug|Any CPU.Build.0 = Debug|Any CPU
		{0E68D73A-77DE-4F0F-B49C-731D7040DB1B}.Debug|Mixed Platforms.ActiveCfg = Debug|Any CPU
		{0E68D73A-77DE-4F0F-B49C-731D7040DB1B}.Debug|Mixed Platforms.Build.0 = Debug|Any CPU
		{0E68D73A-77DE-4F0F-B49C-731D7040DB1B}.Debug|x86.ActiveCfg = Debug|Any CPU
		{0E68D73A-77DE-4F0F-B49C-731D7040DB1B}.Debug|x86.Build.0 = Debug|Any CPU
		{0E68D73A-77DE-4F0F-B49C-731D7040DB1B}.Release|Any CPU.ActiveCfg = Release|Any CPU
		{0E68D73A-77DE-4F0F-B49C-731D7040DB1B}.Release|Any CPU.Build.0 = Release|Any CPU
		{0E68D73A-77DE-4F0F-B49C-731D7040DB1B}.Release|Mixed Platforms.ActiveCfg = Release|Any CPU
		{0E68D73A-77DE-4F0F-B49C-731D7040DB1B}.Release|Mixed Platforms.Build.0 = Release|Any CPU
		{0E68D73A-77DE-4F0F-B49C-731D7040DB1B}.Release|x86.ActiveCfg = Release|Any CPU
		{0E68D73A-77DE-4F0F-B49C-731D7040DB1B}.Release|x86.Build.0 = Release|Any CPU
		{E00A8AFC-8167-4A9B-83F7-227F37F7737F}.Debug|Any CPU.ActiveCfg = Debug|Any CPU
		{E00A8AFC-8167-4A9B-83F7-227F37F7737F}.Debug|Any CPU.Build.0 = Debug|Any CPU
		{E00A8AFC-8167-4A9B-83F7-227F37F7737F}.Debug|Mixed Platforms.ActiveCfg = Debug|Any CPU
		{E00A8AFC-8167-4A9B-83F7-227F37F7737F}.Debug|Mixed Platforms.Build.0 = Debug|Any CPU
		{E00A8AFC-8167-4A9B-83F7-227F37F7737F}.Debug|x86.ActiveCfg = Debug|Any CPU
		{E00A8AFC-8167-4A9B-83F7-227F37F7737F}.Debug|x86.Build.0 = Debug|Any CPU
		{E00A8AFC-8167-4A9B-83F7-227F37F7737F}.Release|Any CPU.ActiveCfg = Release|Any CPU
		{E00A8AFC-8167-4A9B-83F7-227F37F7737F}.Release|Any CPU.Build.0 = Release|Any CPU
		{E00A8AFC-8167-4A9B-83F7-227F37F7737F}.Release|Mixed Platforms.ActiveCfg = Release|Any CPU
		{E00A8AFC-8167-4A9B-83F7-227F37F7737F}.Release|Mixed Platforms.Build.0 = Release|Any CPU
		{E00A8AFC-8167-4A9B-83F7-227F37F7737F}.Release|x86.ActiveCfg = Release|Any CPU
		{E00A8AFC-8167-4A9B-83F7-227F37F7737F}.Release|x86.Build.0 = Release|Any CPU
		{3A67EB7B-84F4-4B76-821A-72A498169D43}.Debug|Any CPU.ActiveCfg = Debug|Any CPU
		{3A67EB7B-84F4-4B76-821A-72A498169D43}.Debug|Any CPU.Build.0 = Debug|Any CPU
		{3A67EB7B-84F4-4B76-821A-72A498169D43}.Debug|Mixed Platforms.ActiveCfg = Debug|Any CPU
		{3A67EB7B-84F4-4B76-821A-72A498169D43}.Debug|Mixed Platforms.Build.0 = Debug|Any CPU
		{3A67EB7B-84F4-4B76-821A-72A498169D43}.Debug|x86.ActiveCfg = Debug|Any CPU
		{3A67EB7B-84F4-4B76-821A-72A498169D43}.Debug|x86.Build.0 = Debug|Any CPU
		{3A67EB7B-84F4-4B76-821A-72A498169D43}.Release|Any CPU.ActiveCfg = Release|Any CPU
		{3A67EB7B-84F4-4B76-821A-72A498169D43}.Release|Any CPU.Build.0 = Release|Any CPU
		{3A67EB7B-84F4-4B76-821A-72A498169D43}.Release|Mixed Platforms.ActiveCfg = Release|Any CPU
		{3A67EB7B-84F4-4B76-821A-72A498169D43}.Release|Mixed Platforms.Build.0 = Release|Any CPU
		{3A67EB7B-84F4-4B76-821A-72A498169D43}.Release|x86.ActiveCfg = Release|Any CPU
		{3A67EB7B-84F4-4B76-821A-72A498169D43}.Release|x86.Build.0 = Release|Any CPU
		{E7AE0CAA-3C15-48C1-A3E1-2CCFB8EACAF4}.Debug|Any CPU.ActiveCfg = Debug|Any CPU
		{E7AE0CAA-3C15-48C1-A3E1-2CCFB8EACAF4}.Debug|Any CPU.Build.0 = Debug|Any CPU
		{E7AE0CAA-3C15-48C1-A3E1-2CCFB8EACAF4}.Debug|Mixed Platforms.ActiveCfg = Debug|Any CPU
		{E7AE0CAA-3C15-48C1-A3E1-2CCFB8EACAF4}.Debug|Mixed Platforms.Build.0 = Debug|Any CPU
		{E7AE0CAA-3C15-48C1-A3E1-2CCFB8EACAF4}.Debug|x86.ActiveCfg = Debug|Any CPU
		{E7AE0CAA-3C15-48C1-A3E1-2CCFB8EACAF4}.Debug|x86.Build.0 = Debug|Any CPU
		{E7AE0CAA-3C15-48C1-A3E1-2CCFB8EACAF4}.Release|Any CPU.ActiveCfg = Release|Any CPU
		{E7AE0CAA-3C15-48C1-A3E1-2CCFB8EACAF4}.Release|Any CPU.Build.0 = Release|Any CPU
		{E7AE0CAA-3C15-48C1-A3E1-2CCFB8EACAF4}.Release|Mixed Platforms.ActiveCfg = Release|Any CPU
		{E7AE0CAA-3C15-48C1-A3E1-2CCFB8EACAF4}.Release|Mixed Platforms.Build.0 = Release|Any CPU
		{E7AE0CAA-3C15-48C1-A3E1-2CCFB8EACAF4}.Release|x86.ActiveCfg = Release|Any CPU
		{E7AE0CAA-3C15-48C1-A3E1-2CCFB8EACAF4}.Release|x86.Build.0 = Release|Any CPU
	EndGlobalSection
	GlobalSection(SolutionProperties) = preSolution
		HideSolutionNode = FALSE
	EndGlobalSection
EndGlobal
